// !$*UTF8*$!
{
	archiveVersion = 1;
	classes = {
	};
	objectVersion = 56;
	objects = {

/* Begin PBXBuildFile section */
		5D00B002296EF339000F90C0 /* HomeView.swift in Sources */ = {isa = PBXBuildFile; fileRef = 5D00B001296EF339000F90C0 /* HomeView.swift */; };
		5D00B006296EF3B2000F90C0 /* StoryView.swift in Sources */ = {isa = PBXBuildFile; fileRef = 5D00B005296EF3B2000F90C0 /* StoryView.swift */; };
		5D00B00A296EF3F9000F90C0 /* FavouritesView.swift in Sources */ = {isa = PBXBuildFile; fileRef = 5D00B009296EF3F9000F90C0 /* FavouritesView.swift */; };
		5D00B00E296EF436000F90C0 /* FunFactsView.swift in Sources */ = {isa = PBXBuildFile; fileRef = 5D00B00D296EF436000F90C0 /* FunFactsView.swift */; };
		5D00B011296EF470000F90C0 /* Info.swift in Sources */ = {isa = PBXBuildFile; fileRef = 5D00B010296EF470000F90C0 /* Info.swift */; };
		5DE95DD1296EDB5900FC3610 /* CostomTabBarControllerApp.swift in Sources */ = {isa = PBXBuildFile; fileRef = 5DE95DD0296EDB5900FC3610 /* CostomTabBarControllerApp.swift */; };
		5DE95DD3296EDB5900FC3610 /* ContentView.swift in Sources */ = {isa = PBXBuildFile; fileRef = 5DE95DD2296EDB5900FC3610 /* ContentView.swift */; };
		5DE95DD5296EDB5B00FC3610 /* Assets.xcassets in Resources */ = {isa = PBXBuildFile; fileRef = 5DE95DD4296EDB5B00FC3610 /* Assets.xcassets */; };
		5DE95DD8296EDB5B00FC3610 /* Preview Assets.xcassets in Resources */ = {isa = PBXBuildFile; fileRef = 5DE95DD7296EDB5B00FC3610 /* Preview Assets.xcassets */; };
		5DE95DE2296EDB5B00FC3610 /* CostomTabBarControllerTests.swift in Sources */ = {isa = PBXBuildFile; fileRef = 5DE95DE1296EDB5B00FC3610 /* CostomTabBarControllerTests.swift */; };
		5DE95DEC296EDB5B00FC3610 /* CostomTabBarControllerUITests.swift in Sources */ = {isa = PBXBuildFile; fileRef = 5DE95DEB296EDB5B00FC3610 /* CostomTabBarControllerUITests.swift */; };
		5DE95DEE296EDB5B00FC3610 /* CostomTabBarControllerUITestsLaunchTests.swift in Sources */ = {isa = PBXBuildFile; fileRef = 5DE95DED296EDB5B00FC3610 /* CostomTabBarControllerUITestsLaunchTests.swift */; };
/* End PBXBuildFile section */

/* Begin PBXContainerItemProxy section */
		5DE95DDE296EDB5B00FC3610 /* PBXContainerItemProxy */ = {
			isa = PBXContainerItemProxy;
			containerPortal = 5DE95DC5296EDB5900FC3610 /* Project object */;
			proxyType = 1;
			remoteGlobalIDString = 5DE95DCC296EDB5900FC3610;
			remoteInfo = CostomTabBarController;
		};
		5DE95DE8296EDB5B00FC3610 /* PBXContainerItemProxy */ = {
			isa = PBXContainerItemProxy;
			containerPortal = 5DE95DC5296EDB5900FC3610 /* Project object */;
			proxyType = 1;
			remoteGlobalIDString = 5DE95DCC296EDB5900FC3610;
			remoteInfo = CostomTabBarController;
		};
/* End PBXContainerItemProxy section */

/* Begin PBXFileReference section */
		5D00B001296EF339000F90C0 /* HomeView.swift */ = {isa = PBXFileReference; lastKnownFileType = sourcecode.swift; path = HomeView.swift; sourceTree = "<group>"; };
		5D00B005296EF3B2000F90C0 /* StoryView.swift */ = {isa = PBXFileReference; lastKnownFileType = sourcecode.swift; path = StoryView.swift; sourceTree = "<group>"; };
		5D00B009296EF3F9000F90C0 /* FavouritesView.swift */ = {isa = PBXFileReference; lastKnownFileType = sourcecode.swift; path = FavouritesView.swift; sourceTree = "<group>"; };
		5D00B00D296EF436000F90C0 /* FunFactsView.swift */ = {isa = PBXFileReference; lastKnownFileType = sourcecode.swift; path = FunFactsView.swift; sourceTree = "<group>"; };
		5D00B010296EF470000F90C0 /* Info.swift */ = {isa = PBXFileReference; lastKnownFileType = sourcecode.swift; path = Info.swift; sourceTree = "<group>"; };
		5DE95DCD296EDB5900FC3610 /* CostomTabBarController.app */ = {isa = PBXFileReference; explicitFileType = wrapper.application; includeInIndex = 0; path = CostomTabBarController.app; sourceTree = BUILT_PRODUCTS_DIR; };
		5DE95DD0296EDB5900FC3610 /* CostomTabBarControllerApp.swift */ = {isa = PBXFileReference; lastKnownFileType = sourcecode.swift; path = CostomTabBarControllerApp.swift; sourceTree = "<group>"; };
		5DE95DD2296EDB5900FC3610 /* ContentView.swift */ = {isa = PBXFileReference; lastKnownFileType = sourcecode.swift; path = ContentView.swift; sourceTree = "<group>"; };
		5DE95DD4296EDB5B00FC3610 /* Assets.xcassets */ = {isa = PBXFileReference; lastKnownFileType = folder.assetcatalog; path = Assets.xcassets; sourceTree = "<group>"; };
		5DE95DD7296EDB5B00FC3610 /* Preview Assets.xcassets */ = {isa = PBXFileReference; lastKnownFileType = folder.assetcatalog; path = "Preview Assets.xcassets"; sourceTree = "<group>"; };
		5DE95DDD296EDB5B00FC3610 /* CostomTabBarControllerTests.xctest */ = {isa = PBXFileReference; explicitFileType = wrapper.cfbundle; includeInIndex = 0; path = CostomTabBarControllerTests.xctest; sourceTree = BUILT_PRODUCTS_DIR; };
		5DE95DE1296EDB5B00FC3610 /* CostomTabBarControllerTests.swift */ = {isa = PBXFileReference; lastKnownFileType = sourcecode.swift; path = CostomTabBarControllerTests.swift; sourceTree = "<group>"; };
		5DE95DE7296EDB5B00FC3610 /* CostomTabBarControllerUITests.xctest */ = {isa = PBXFileReference; explicitFileType = wrapper.cfbundle; includeInIndex = 0; path = CostomTabBarControllerUITests.xctest; sourceTree = BUILT_PRODUCTS_DIR; };
		5DE95DEB296EDB5B00FC3610 /* CostomTabBarControllerUITests.swift */ = {isa = PBXFileReference; lastKnownFileType = sourcecode.swift; path = CostomTabBarControllerUITests.swift; sourceTree = "<group>"; };
		5DE95DED296EDB5B00FC3610 /* CostomTabBarControllerUITestsLaunchTests.swift */ = {isa = PBXFileReference; lastKnownFileType = sourcecode.swift; path = CostomTabBarControllerUITestsLaunchTests.swift; sourceTree = "<group>"; };
/* End PBXFileReference section */

/* Begin PBXFrameworksBuildPhase section */
		5DE95DCA296EDB5900FC3610 /* Frameworks */ = {
			isa = PBXFrameworksBuildPhase;
			buildActionMask = 2147483647;
			files = (
			);
			runOnlyForDeploymentPostprocessing = 0;
		};
		5DE95DDA296EDB5B00FC3610 /* Frameworks */ = {
			isa = PBXFrameworksBuildPhase;
			buildActionMask = 2147483647;
			files = (
			);
			runOnlyForDeploymentPostprocessing = 0;
		};
		5DE95DE4296EDB5B00FC3610 /* Frameworks */ = {
			isa = PBXFrameworksBuildPhase;
			buildActionMask = 2147483647;
			files = (
			);
			runOnlyForDeploymentPostprocessing = 0;
		};
/* End PBXFrameworksBuildPhase section */

/* Begin PBXGroup section */
		5D00AFFF296EF30E000F90C0 /* Home */ = {
			isa = PBXGroup;
			children = (
				5D00B000296EF323000F90C0 /* HomeView */,
			);
			path = Home;
			sourceTree = "<group>";
		};
		5D00B000296EF323000F90C0 /* HomeView */ = {
			isa = PBXGroup;
			children = (
				5D00B001296EF339000F90C0 /* HomeView.swift */,
			);
			path = HomeView;
			sourceTree = "<group>";
		};
		5D00B003296EF397000F90C0 /* Story */ = {
			isa = PBXGroup;
			children = (
				5D00B004296EF3A1000F90C0 /* StoryView */,
			);
			path = Story;
			sourceTree = "<group>";
		};
		5D00B004296EF3A1000F90C0 /* StoryView */ = {
			isa = PBXGroup;
			children = (
				5D00B005296EF3B2000F90C0 /* StoryView.swift */,
			);
			path = StoryView;
			sourceTree = "<group>";
		};
		5D00B007296EF3CE000F90C0 /* Favourites */ = {
			isa = PBXGroup;
			children = (
				5D00B008296EF3EB000F90C0 /* FavouritesView */,
			);
			path = Favourites;
			sourceTree = "<group>";
		};
		5D00B008296EF3EB000F90C0 /* FavouritesView */ = {
			isa = PBXGroup;
			children = (
				5D00B009296EF3F9000F90C0 /* FavouritesView.swift */,
			);
			path = FavouritesView;
			sourceTree = "<group>";
		};
		5D00B00B296EF423000F90C0 /* FunFacts */ = {
			isa = PBXGroup;
			children = (
				5D00B00C296EF42B000F90C0 /* FunFactsView */,
			);
			path = FunFacts;
			sourceTree = "<group>";
		};
		5D00B00C296EF42B000F90C0 /* FunFactsView */ = {
			isa = PBXGroup;
			children = (
				5D00B00D296EF436000F90C0 /* FunFactsView.swift */,
			);
			path = FunFactsView;
			sourceTree = "<group>";
		};
		5D00B00F296EF45F000F90C0 /* Model */ = {
			isa = PBXGroup;
			children = (
				5D00B010296EF470000F90C0 /* Info.swift */,
			);
			path = Model;
			sourceTree = "<group>";
		};
		5DE95DC4296EDB5900FC3610 = {
			isa = PBXGroup;
			children = (
				5DE95DCF296EDB5900FC3610 /* CostomTabBarController */,
				5DE95DE0296EDB5B00FC3610 /* CostomTabBarControllerTests */,
				5DE95DEA296EDB5B00FC3610 /* CostomTabBarControllerUITests */,
				5DE95DCE296EDB5900FC3610 /* Products */,
			);
			sourceTree = "<group>";
		};
		5DE95DCE296EDB5900FC3610 /* Products */ = {
			isa = PBXGroup;
			children = (
				5DE95DCD296EDB5900FC3610 /* CostomTabBarController.app */,
				5DE95DDD296EDB5B00FC3610 /* CostomTabBarControllerTests.xctest */,
				5DE95DE7296EDB5B00FC3610 /* CostomTabBarControllerUITests.xctest */,
			);
			name = Products;
			sourceTree = "<group>";
		};
		5DE95DCF296EDB5900FC3610 /* CostomTabBarController */ = {
			isa = PBXGroup;
			children = (
				5D00B00F296EF45F000F90C0 /* Model */,
				5D00B00B296EF423000F90C0 /* FunFacts */,
				5D00B007296EF3CE000F90C0 /* Favourites */,
				5D00B003296EF397000F90C0 /* Story */,
				5D00AFFF296EF30E000F90C0 /* Home */,
				5DE95DD0296EDB5900FC3610 /* CostomTabBarControllerApp.swift */,
				5DE95DD2296EDB5900FC3610 /* ContentView.swift */,
				5DE95DD4296EDB5B00FC3610 /* Assets.xcassets */,
				5DE95DD6296EDB5B00FC3610 /* Preview Content */,
			);
			path = CostomTabBarController;
			sourceTree = "<group>";
		};
		5DE95DD6296EDB5B00FC3610 /* Preview Content */ = {
			isa = PBXGroup;
			children = (
				5DE95DD7296EDB5B00FC3610 /* Preview Assets.xcassets */,
			);
			path = "Preview Content";
			sourceTree = "<group>";
		};
		5DE95DE0296EDB5B00FC3610 /* CostomTabBarControllerTests */ = {
			isa = PBXGroup;
			children = (
				5DE95DE1296EDB5B00FC3610 /* CostomTabBarControllerTests.swift */,
			);
			path = CostomTabBarControllerTests;
			sourceTree = "<group>";
		};
		5DE95DEA296EDB5B00FC3610 /* CostomTabBarControllerUITests */ = {
			isa = PBXGroup;
			children = (
				5DE95DEB296EDB5B00FC3610 /* CostomTabBarControllerUITests.swift */,
				5DE95DED296EDB5B00FC3610 /* CostomTabBarControllerUITestsLaunchTests.swift */,
			);
			path = CostomTabBarControllerUITests;
			sourceTree = "<group>";
		};
/* End PBXGroup section */

/* Begin PBXNativeTarget section */
		5DE95DCC296EDB5900FC3610 /* CostomTabBarController */ = {
			isa = PBXNativeTarget;
			buildConfigurationList = 5DE95DF1296EDB5B00FC3610 /* Build configuration list for PBXNativeTarget "CostomTabBarController" */;
			buildPhases = (
				5DE95DC9296EDB5900FC3610 /* Sources */,
				5DE95DCA296EDB5900FC3610 /* Frameworks */,
				5DE95DCB296EDB5900FC3610 /* Resources */,
			);
			buildRules = (
			);
			dependencies = (
			);
			name = CostomTabBarController;
			productName = CostomTabBarController;
			productReference = 5DE95DCD296EDB5900FC3610 /* CostomTabBarController.app */;
			productType = "com.apple.product-type.application";
		};
		5DE95DDC296EDB5B00FC3610 /* CostomTabBarControllerTests */ = {
			isa = PBXNativeTarget;
			buildConfigurationList = 5DE95DF4296EDB5B00FC3610 /* Build configuration list for PBXNativeTarget "CostomTabBarControllerTests" */;
			buildPhases = (
				5DE95DD9296EDB5B00FC3610 /* Sources */,
				5DE95DDA296EDB5B00FC3610 /* Frameworks */,
				5DE95DDB296EDB5B00FC3610 /* Resources */,
			);
			buildRules = (
			);
			dependencies = (
				5DE95DDF296EDB5B00FC3610 /* PBXTargetDependency */,
			);
			name = CostomTabBarControllerTests;
			productName = CostomTabBarControllerTests;
			productReference = 5DE95DDD296EDB5B00FC3610 /* CostomTabBarControllerTests.xctest */;
			productType = "com.apple.product-type.bundle.unit-test";
		};
		5DE95DE6296EDB5B00FC3610 /* CostomTabBarControllerUITests */ = {
			isa = PBXNativeTarget;
			buildConfigurationList = 5DE95DF7296EDB5B00FC3610 /* Build configuration list for PBXNativeTarget "CostomTabBarControllerUITests" */;
			buildPhases = (
				5DE95DE3296EDB5B00FC3610 /* Sources */,
				5DE95DE4296EDB5B00FC3610 /* Frameworks */,
				5DE95DE5296EDB5B00FC3610 /* Resources */,
			);
			buildRules = (
			);
			dependencies = (
				5DE95DE9296EDB5B00FC3610 /* PBXTargetDependency */,
			);
			name = CostomTabBarControllerUITests;
			productName = CostomTabBarControllerUITests;
			productReference = 5DE95DE7296EDB5B00FC3610 /* CostomTabBarControllerUITests.xctest */;
			productType = "com.apple.product-type.bundle.ui-testing";
		};
/* End PBXNativeTarget section */

/* Begin PBXProject section */
		5DE95DC5296EDB5900FC3610 /* Project object */ = {
			isa = PBXProject;
			attributes = {
				BuildIndependentTargetsInParallel = 1;
				LastSwiftUpdateCheck = 1420;
				LastUpgradeCheck = 1420;
				TargetAttributes = {
					5DE95DCC296EDB5900FC3610 = {
						CreatedOnToolsVersion = 14.2;
					};
					5DE95DDC296EDB5B00FC3610 = {
						CreatedOnToolsVersion = 14.2;
						TestTargetID = 5DE95DCC296EDB5900FC3610;
					};
					5DE95DE6296EDB5B00FC3610 = {
						CreatedOnToolsVersion = 14.2;
						TestTargetID = 5DE95DCC296EDB5900FC3610;
					};
				};
			};
			buildConfigurationList = 5DE95DC8296EDB5900FC3610 /* Build configuration list for PBXProject "CostomTabBarController" */;
			compatibilityVersion = "Xcode 14.0";
			developmentRegion = en;
			hasScannedForEncodings = 0;
			knownRegions = (
				en,
				Base,
			);
			mainGroup = 5DE95DC4296EDB5900FC3610;
			productRefGroup = 5DE95DCE296EDB5900FC3610 /* Products */;
			projectDirPath = "";
			projectRoot = "";
			targets = (
				5DE95DCC296EDB5900FC3610 /* CostomTabBarController */,
				5DE95DDC296EDB5B00FC3610 /* CostomTabBarControllerTests */,
				5DE95DE6296EDB5B00FC3610 /* CostomTabBarControllerUITests */,
			);
		};
/* End PBXProject section */

/* Begin PBXResourcesBuildPhase section */
		5DE95DCB296EDB5900FC3610 /* Resources */ = {
			isa = PBXResourcesBuildPhase;
			buildActionMask = 2147483647;
			files = (
				5DE95DD8296EDB5B00FC3610 /* Preview Assets.xcassets in Resources */,
				5DE95DD5296EDB5B00FC3610 /* Assets.xcassets in Resources */,
			);
			runOnlyForDeploymentPostprocessing = 0;
		};
		5DE95DDB296EDB5B00FC3610 /* Resources */ = {
			isa = PBXResourcesBuildPhase;
			buildActionMask = 2147483647;
			files = (
			);
			runOnlyForDeploymentPostprocessing = 0;
		};
		5DE95DE5296EDB5B00FC3610 /* Resources */ = {
			isa = PBXResourcesBuildPhase;
			buildActionMask = 2147483647;
			files = (
			);
			runOnlyForDeploymentPostprocessing = 0;
		};
/* End PBXResourcesBuildPhase section */

/* Begin PBXSourcesBuildPhase section */
		5DE95DC9296EDB5900FC3610 /* Sources */ = {
			isa = PBXSourcesBuildPhase;
			buildActionMask = 2147483647;
			files = (
				5D00B002296EF339000F90C0 /* HomeView.swift in Sources */,
				5DE95DD3296EDB5900FC3610 /* ContentView.swift in Sources */,
				5D00B00E296EF436000F90C0 /* FunFactsView.swift in Sources */,
				5D00B006296EF3B2000F90C0 /* StoryView.swift in Sources */,
				5D00B00A296EF3F9000F90C0 /* FavouritesView.swift in Sources */,
				5DE95DD1296EDB5900FC3610 /* CostomTabBarControllerApp.swift in Sources */,
				5D00B011296EF470000F90C0 /* Info.swift in Sources */,
			);
			runOnlyForDeploymentPostprocessing = 0;
		};
		5DE95DD9296EDB5B00FC3610 /* Sources */ = {
			isa = PBXSourcesBuildPhase;
			buildActionMask = 2147483647;
			files = (
				5DE95DE2296EDB5B00FC3610 /* CostomTabBarControllerTests.swift in Sources */,
			);
			runOnlyForDeploymentPostprocessing = 0;
		};
		5DE95DE3296EDB5B00FC3610 /* Sources */ = {
			isa = PBXSourcesBuildPhase;
			buildActionMask = 2147483647;
			files = (
				5DE95DEC296EDB5B00FC3610 /* CostomTabBarControllerUITests.swift in Sources */,
				5DE95DEE296EDB5B00FC3610 /* CostomTabBarControllerUITestsLaunchTests.swift in Sources */,
			);
			runOnlyForDeploymentPostprocessing = 0;
		};
/* End PBXSourcesBuildPhase section */

/* Begin PBXTargetDependency section */
		5DE95DDF296EDB5B00FC3610 /* PBXTargetDependency */ = {
			isa = PBXTargetDependency;
			target = 5DE95DCC296EDB5900FC3610 /* CostomTabBarController */;
			targetProxy = 5DE95DDE296EDB5B00FC3610 /* PBXContainerItemProxy */;
		};
		5DE95DE9296EDB5B00FC3610 /* PBXTargetDependency */ = {
			isa = PBXTargetDependency;
			target = 5DE95DCC296EDB5900FC3610 /* CostomTabBarController */;
			targetProxy = 5DE95DE8296EDB5B00FC3610 /* PBXContainerItemProxy */;
		};
/* End PBXTargetDependency section */

/* Begin XCBuildConfiguration section */
		5DE95DEF296EDB5B00FC3610 /* Debug */ = {
			isa = XCBuildConfiguration;
			buildSettings = {
				ALWAYS_SEARCH_USER_PATHS = NO;
				CLANG_ANALYZER_NONNULL = YES;
				CLANG_ANALYZER_NUMBER_OBJECT_CONVERSION = YES_AGGRESSIVE;
				CLANG_CXX_LANGUAGE_STANDARD = "gnu++20";
				CLANG_ENABLE_MODULES = YES;
				CLANG_ENABLE_OBJC_ARC = YES;
				CLANG_ENABLE_OBJC_WEAK = YES;
				CLANG_WARN_BLOCK_CAPTURE_AUTORELEASING = YES;
				CLANG_WARN_BOOL_CONVERSION = YES;
				CLANG_WARN_COMMA = YES;
				CLANG_WARN_CONSTANT_CONVERSION = YES;
				CLANG_WARN_DEPRECATED_OBJC_IMPLEMENTATIONS = YES;
				CLANG_WARN_DIRECT_OBJC_ISA_USAGE = YES_ERROR;
				CLANG_WARN_DOCUMENTATION_COMMENTS = YES;
				CLANG_WARN_EMPTY_BODY = YES;
				CLANG_WARN_ENUM_CONVERSION = YES;
				CLANG_WARN_INFINITE_RECURSION = YES;
				CLANG_WARN_INT_CONVERSION = YES;
				CLANG_WARN_NON_LITERAL_NULL_CONVERSION = YES;
				CLANG_WARN_OBJC_IMPLICIT_RETAIN_SELF = YES;
				CLANG_WARN_OBJC_LITERAL_CONVERSION = YES;
				CLANG_WARN_OBJC_ROOT_CLASS = YES_ERROR;
				CLANG_WARN_QUOTED_INCLUDE_IN_FRAMEWORK_HEADER = YES;
				CLANG_WARN_RANGE_LOOP_ANALYSIS = YES;
				CLANG_WARN_STRICT_PROTOTYPES = YES;
				CLANG_WARN_SUSPICIOUS_MOVE = YES;
				CLANG_WARN_UNGUARDED_AVAILABILITY = YES_AGGRESSIVE;
				CLANG_WARN_UNREACHABLE_CODE = YES;
				CLANG_WARN__DUPLICATE_METHOD_MATCH = YES;
				COPY_PHASE_STRIP = NO;
				DEBUG_INFORMATION_FORMAT = dwarf;
				ENABLE_STRICT_OBJC_MSGSEND = YES;
				ENABLE_TESTABILITY = YES;
				GCC_C_LANGUAGE_STANDARD = gnu11;
				GCC_DYNAMIC_NO_PIC = NO;
				GCC_NO_COMMON_BLOCKS = YES;
				GCC_OPTIMIZATION_LEVEL = 0;
				GCC_PREPROCESSOR_DEFINITIONS = (
					"DEBUG=1",
					"$(inherited)",
				);
				GCC_WARN_64_TO_32_BIT_CONVERSION = YES;
				GCC_WARN_ABOUT_RETURN_TYPE = YES_ERROR;
				GCC_WARN_UNDECLARED_SELECTOR = YES;
				GCC_WARN_UNINITIALIZED_AUTOS = YES_AGGRESSIVE;
				GCC_WARN_UNUSED_FUNCTION = YES;
				GCC_WARN_UNUSED_VARIABLE = YES;
				IPHONEOS_DEPLOYMENT_TARGET = 16.2;
				MTL_ENABLE_DEBUG_INFO = INCLUDE_SOURCE;
				MTL_FAST_MATH = YES;
				ONLY_ACTIVE_ARCH = YES;
				SDKROOT = iphoneos;
				SWIFT_ACTIVE_COMPILATION_CONDITIONS = DEBUG;
				SWIFT_OPTIMIZATION_LEVEL = "-Onone";
			};
			name = Debug;
		};
		5DE95DF0296EDB5B00FC3610 /* Release */ = {
			isa = XCBuildConfiguration;
			buildSettings = {
				ALWAYS_SEARCH_USER_PATHS = NO;
				CLANG_ANALYZER_NONNULL = YES;
				CLANG_ANALYZER_NUMBER_OBJECT_CONVERSION = YES_AGGRESSIVE;
				CLANG_CXX_LANGUAGE_STANDARD = "gnu++20";
				CLANG_ENABLE_MODULES = YES;
				CLANG_ENABLE_OBJC_ARC = YES;
				CLANG_ENABLE_OBJC_WEAK = YES;
				CLANG_WARN_BLOCK_CAPTURE_AUTORELEASING = YES;
				CLANG_WARN_BOOL_CONVERSION = YES;
				CLANG_WARN_COMMA = YES;
				CLANG_WARN_CONSTANT_CONVERSION = YES;
				CLANG_WARN_DEPRECATED_OBJC_IMPLEMENTATIONS = YES;
				CLANG_WARN_DIRECT_OBJC_ISA_USAGE = YES_ERROR;
				CLANG_WARN_DOCUMENTATION_COMMENTS = YES;
				CLANG_WARN_EMPTY_BODY = YES;
				CLANG_WARN_ENUM_CONVERSION = YES;
				CLANG_WARN_INFINITE_RECURSION = YES;
				CLANG_WARN_INT_CONVERSION = YES;
				CLANG_WARN_NON_LITERAL_NULL_CONVERSION = YES;
				CLANG_WARN_OBJC_IMPLICIT_RETAIN_SELF = YES;
				CLANG_WARN_OBJC_LITERAL_CONVERSION = YES;
				CLANG_WARN_OBJC_ROOT_CLASS = YES_ERROR;
				CLANG_WARN_QUOTED_INCLUDE_IN_FRAMEWORK_HEADER = YES;
				CLANG_WARN_RANGE_LOOP_ANALYSIS = YES;
				CLANG_WARN_STRICT_PROTOTYPES = YES;
				CLANG_WARN_SUSPICIOUS_MOVE = YES;
				CLANG_WARN_UNGUARDED_AVAILABILITY = YES_AGGRESSIVE;
				CLANG_WARN_UNREACHABLE_CODE = YES;
				CLANG_WARN__DUPLICATE_METHOD_MATCH = YES;
				COPY_PHASE_STRIP = NO;
				DEBUG_INFORMATION_FORMAT = "dwarf-with-dsym";
				ENABLE_NS_ASSERTIONS = NO;
				ENABLE_STRICT_OBJC_MSGSEND = YES;
				GCC_C_LANGUAGE_STANDARD = gnu11;
				GCC_NO_COMMON_BLOCKS = YES;
				GCC_WARN_64_TO_32_BIT_CONVERSION = YES;
				GCC_WARN_ABOUT_RETURN_TYPE = YES_ERROR;
				GCC_WARN_UNDECLARED_SELECTOR = YES;
				GCC_WARN_UNINITIALIZED_AUTOS = YES_AGGRESSIVE;
				GCC_WARN_UNUSED_FUNCTION = YES;
				GCC_WARN_UNUSED_VARIABLE = YES;
				IPHONEOS_DEPLOYMENT_TARGET = 16.2;
				MTL_ENABLE_DEBUG_INFO = NO;
				MTL_FAST_MATH = YES;
				SDKROOT = iphoneos;
				SWIFT_COMPILATION_MODE = wholemodule;
				SWIFT_OPTIMIZATION_LEVEL = "-O";
				VALIDATE_PRODUCT = YES;
			};
			name = Release;
		};
		5DE95DF2296EDB5B00FC3610 /* Debug */ = {
			isa = XCBuildConfiguration;
			buildSettings = {
				ASSETCATALOG_COMPILER_APPICON_NAME = AppIcon;
				ASSETCATALOG_COMPILER_GLOBAL_ACCENT_COLOR_NAME = AccentColor;
				CODE_SIGN_STYLE = Automatic;
				CURRENT_PROJECT_VERSION = 1;
				DEVELOPMENT_ASSET_PATHS = "\"CostomTabBarController/Preview Content\"";
				DEVELOPMENT_TEAM = K8BTGQVAR5;
				ENABLE_PREVIEWS = YES;
				GENERATE_INFOPLIST_FILE = YES;
				INFOPLIST_KEY_UIApplicationSceneManifest_Generation = YES;
				INFOPLIST_KEY_UIApplicationSupportsIndirectInputEvents = YES;
				INFOPLIST_KEY_UILaunchScreen_Generation = YES;
				INFOPLIST_KEY_UISupportedInterfaceOrientations_iPad = "UIInterfaceOrientationPortrait UIInterfaceOrientationPortraitUpsideDown UIInterfaceOrientationLandscapeLeft UIInterfaceOrientationLandscapeRight";
				INFOPLIST_KEY_UISupportedInterfaceOrientations_iPhone = "UIInterfaceOrientationPortrait UIInterfaceOrientationLandscapeLeft UIInterfaceOrientationLandscapeRight";
				LD_RUNPATH_SEARCH_PATHS = (
					"$(inherited)",
					"@executable_path/Frameworks",
				);
				MARKETING_VERSION = 1.0;
				PRODUCT_BUNDLE_IDENTIFIER = kamsque.CostomTabBarController;
				PRODUCT_NAME = "$(TARGET_NAME)";
				SWIFT_EMIT_LOC_STRINGS = YES;
				SWIFT_VERSION = 5.0;
				TARGETED_DEVICE_FAMILY = "1,2";
			};
			name = Debug;
		};
		5DE95DF3296EDB5B00FC3610 /* Release */ = {
			isa = XCBuildConfiguration;
			buildSettings = {
				ASSETCATALOG_COMPILER_APPICON_NAME = AppIcon;
				ASSETCATALOG_COMPILER_GLOBAL_ACCENT_COLOR_NAME = AccentColor;
				CODE_SIGN_STYLE = Automatic;
				CURRENT_PROJECT_VERSION = 1;
				DEVELOPMENT_ASSET_PATHS = "\"CostomTabBarController/Preview Content\"";
				DEVELOPMENT_TEAM = K8BTGQVAR5;
				ENABLE_PREVIEWS = YES;
				GENERATE_INFOPLIST_FILE = YES;
				INFOPLIST_KEY_UIApplicationSceneManifest_Generation = YES;
				INFOPLIST_KEY_UIApplicationSupportsIndirectInputEvents = YES;
				INFOPLIST_KEY_UILaunchScreen_Generation = YES;
				INFOPLIST_KEY_UISupportedInterfaceOrientations_iPad = "UIInterfaceOrientationPortrait UIInterfaceOrientationPortraitUpsideDown UIInterfaceOrientationLandscapeLeft UIInterfaceOrientationLandscapeRight";
				INFOPLIST_KEY_UISupportedInterfaceOrientations_iPhone = "UIInterfaceOrientationPortrait UIInterfaceOrientationLandscapeLeft UIInterfaceOrientationLandscapeRight";
				LD_RUNPATH_SEARCH_PATHS = (
					"$(inherited)",
					"@executable_path/Frameworks",
				);
				MARKETING_VERSION = 1.0;
				PRODUCT_BUNDLE_IDENTIFIER = kamsque.CostomTabBarController;
				PRODUCT_NAME = "$(TARGET_NAME)";
				SWIFT_EMIT_LOC_STRINGS = YES;
				SWIFT_VERSION = 5.0;
				TARGETED_DEVICE_FAMILY = "1,2";
			};
			name = Release;
		};
		5DE95DF5296EDB5B00FC3610 /* Debug */ = {
			isa = XCBuildConfiguration;
			buildSettings = {
				ALWAYS_EMBED_SWIFT_STANDARD_LIBRARIES = YES;
				BUNDLE_LOADER = "$(TEST_HOST)";
				CODE_SIGN_STYLE = Automatic;
				CURRENT_PROJECT_VERSION = 1;
				DEVELOPMENT_TEAM = K8BTGQVAR5;
				GENERATE_INFOPLIST_FILE = YES;
				IPHONEOS_DEPLOYMENT_TARGET = 16.2;
				MARKETING_VERSION = 1.0;
				PRODUCT_BUNDLE_IDENTIFIER = kamsque.CostomTabBarControllerTests;
				PRODUCT_NAME = "$(TARGET_NAME)";
				SWIFT_EMIT_LOC_STRINGS = NO;
				SWIFT_VERSION = 5.0;
				TARGETED_DEVICE_FAMILY = "1,2";
				TEST_HOST = "$(BUILT_PRODUCTS_DIR)/CostomTabBarController.app/$(BUNDLE_EXECUTABLE_FOLDER_PATH)/CostomTabBarController";
			};
			name = Debug;
		};
		5DE95DF6296EDB5B00FC3610 /* Release */ = {
			isa = XCBuildConfiguration;
			buildSettings = {
				ALWAYS_EMBED_SWIFT_STANDARD_LIBRARIES = YES;
				BUNDLE_LOADER = "$(TEST_HOST)";
				CODE_SIGN_STYLE = Automatic;
				CURRENT_PROJECT_VERSION = 1;
				DEVELOPMENT_TEAM = K8BTGQVAR5;
				GENERATE_INFOPLIST_FILE = YES;
				IPHONEOS_DEPLOYMENT_TARGET = 16.2;
				MARKETING_VERSION = 1.0;
				PRODUCT_BUNDLE_IDENTIFIER = kamsque.CostomTabBarControllerTests;
				PRODUCT_NAME = "$(TARGET_NAME)";
				SWIFT_EMIT_LOC_STRINGS = NO;
				SWIFT_VERSION = 5.0;
				TARGETED_DEVICE_FAMILY = "1,2";
				TEST_HOST = "$(BUILT_PRODUCTS_DIR)/CostomTabBarController.app/$(BUNDLE_EXECUTABLE_FOLDER_PATH)/CostomTabBarController";
			};
			name = Release;
		};
		5DE95DF8296EDB5B00FC3610 /* Debug */ = {
			isa = XCBuildConfiguration;
			buildSettings = {
				ALWAYS_EMBED_SWIFT_STANDARD_LIBRARIES = YES;
				CODE_SIGN_STYLE = Automatic;
				CURRENT_PROJECT_VERSION = 1;
				DEVELOPMENT_TEAM = K8BTGQVAR5;
				GENERATE_INFOPLIST_FILE = YES;
				MARKETING_VERSION = 1.0;
				PRODUCT_BUNDLE_IDENTIFIER = kamsque.CostomTabBarControllerUITests;
				PRODUCT_NAME = "$(TARGET_NAME)";
				SWIFT_EMIT_LOC_STRINGS = NO;
				SWIFT_VERSION = 5.0;
				TARGETED_DEVICE_FAMILY = "1,2";
				TEST_TARGET_NAME = CostomTabBarController;
			};
			name = Debug;
		};
		5DE95DF9296EDB5B00FC3610 /* Release */ = {
			isa = XCBuildConfiguration;
			buildSettings = {
				ALWAYS_EMBED_SWIFT_STANDARD_LIBRARIES = YES;
				CODE_SIGN_STYLE = Automatic;
				CURRENT_PROJECT_VERSION = 1;
				DEVELOPMENT_TEAM = K8BTGQVAR5;
				GENERATE_INFOPLIST_FILE = YES;
				MARKETING_VERSION = 1.0;
				PRODUCT_BUNDLE_IDENTIFIER = kamsque.CostomTabBarControllerUITests;
				PRODUCT_NAME = "$(TARGET_NAME)";
				SWIFT_EMIT_LOC_STRINGS = NO;
				SWIFT_VERSION = 5.0;
				TARGETED_DEVICE_FAMILY = "1,2";
				TEST_TARGET_NAME = CostomTabBarController;
			};
			name = Release;
		};
/* End XCBuildConfiguration section */

/* Begin XCConfigurationList section */
		5DE95DC8296EDB5900FC3610 /* Build configuration list for PBXProject "CostomTabBarController" */ = {
			isa = XCConfigurationList;
			buildConfigurations = (
				5DE95DEF296EDB5B00FC3610 /* Debug */,
				5DE95DF0296EDB5B00FC3610 /* Release */,
			);
			defaultConfigurationIsVisible = 0;
			defaultConfigurationName = Release;
		};
		5DE95DF1296EDB5B00FC3610 /* Build configuration list for PBXNativeTarget "CostomTabBarController" */ = {
			isa = XCConfigurationList;
			buildConfigurations = (
				5DE95DF2296EDB5B00FC3610 /* Debug */,
				5DE95DF3296EDB5B00FC3610 /* Release */,
			);
			defaultConfigurationIsVisible = 0;
			defaultConfigurationName = Release;
		};
		5DE95DF4296EDB5B00FC3610 /* Build configuration list for PBXNativeTarget "CostomTabBarControllerTests" */ = {
			isa = XCConfigurationList;
			buildConfigurations = (
				5DE95DF5296EDB5B00FC3610 /* Debug */,
				5DE95DF6296EDB5B00FC3610 /* Release */,
			);
			defaultConfigurationIsVisible = 0;
			defaultConfigurationName = Release;
		};
		5DE95DF7296EDB5B00FC3610 /* Build configuration list for PBXNativeTarget "CostomTabBarControllerUITests" */ = {
			isa = XCConfigurationList;
			buildConfigurations = (
				5DE95DF8296EDB5B00FC3610 /* Debug */,
				5DE95DF9296EDB5B00FC3610 /* Release */,
			);
			defaultConfigurationIsVisible = 0;
			defaultConfigurationName = Release;
		};
/* End XCConfigurationList section */
	};
	rootObject = 5DE95DC5296EDB5900FC3610 /* Project object */;
}
